
Microsoft Visual Studio Solution File, Format Version 12.00
# Visual Studio Version 17
VisualStudioVersion = 17.10.35027.167
MinimumVisualStudioVersion = 10.0.40219.1
Project("{9A19103F-16F7-4668-BE54-9A1E7A4F7556}") = "colinCreditUnion", "colinCreditUnion.csproj", "{06CBE2FC-08C9-44C6-85D7-282557D9CB21}"
EndProject
Project("{9A19103F-16F7-4668-BE54-9A1E7A4F7556}") = "CustomerControllerTests", "..\CustomerControllerTests\CustomerControllerTests.csproj", "{8EC57D20-0468-4A22-B2B6-89FDD0BF3DF0}"
EndProject
Global
	GlobalSection(SolutionConfigurationPlatforms) = preSolution
		Debug|Any CPU = Debug|Any CPU
		Release|Any CPU = Release|Any CPU
	EndGlobalSection
	GlobalSection(ProjectConfigurationPlatforms) = postSolution
		{06CBE2FC-08C9-44C6-85D7-282557D9CB21}.Debug|Any CPU.ActiveCfg = Debug|Any CPU
		{06CBE2FC-08C9-44C6-85D7-282557D9CB21}.Debug|Any CPU.Build.0 = Debug|Any CPU
		{06CBE2FC-08C9-44C6-85D7-282557D9CB21}.Release|Any CPU.ActiveCfg = Release|Any CPU
		{06CBE2FC-08C9-44C6-85D7-282557D9CB21}.Release|Any CPU.Build.0 = Release|Any CPU
		{8EC57D20-0468-4A22-B2B6-89FDD0BF3DF0}.Debug|Any CPU.ActiveCfg = Debug|Any CPU
		{8EC57D20-0468-4A22-B2B6-89FDD0BF3DF0}.Debug|Any CPU.Build.0 = Debug|Any CPU
		{8EC57D20-0468-4A22-B2B6-89FDD0BF3DF0}.Release|Any CPU.ActiveCfg = Release|Any CPU
		{8EC57D20-0468-4A22-B2B6-89FDD0BF3DF0}.Release|Any CPU.Build.0 = Release|Any CPU
	EndGlobalSection
	GlobalSection(SolutionProperties) = preSolution
		HideSolutionNode = FALSE
	EndGlobalSection
	GlobalSection(ExtensibilityGlobals) = postSolution
		SolutionGuid = {5BBCEF70-846A-4547-BC76-A97DBEF78BFC}
	EndGlobalSection
EndGlobal
